
Microsoft Visual Studio Solution File, Format Version 12.00
# Visual Studio 15
VisualStudioVersion = 15.0.28307.1684
MinimumVisualStudioVersion = 10.0.40219.1
Project("{FAE04EC0-301F-11D3-BF4B-00C04F79EFBC}") = "patentrename", "patentrename\patentrename.csproj", "{86206399-3B29-4A3E-BF5E-91BA2EABE4CD}"
EndProject
Global
	GlobalSection(SolutionConfigurationPlatforms) = preSolution
		Debug|Any CPU = Debug|Any CPU
		Release|Any CPU = Release|Any CPU
	EndGlobalSection
	GlobalSection(ProjectConfigurationPlatforms) = postSolution
		{86206399-3B29-4A3E-BF5E-91BA2EABE4CD}.Debug|Any CPU.ActiveCfg = Debug|Any CPU
		{86206399-3B29-4A3E-BF5E-91BA2EABE4CD}.Debug|Any CPU.Build.0 = Debug|Any CPU
		{86206399-3B29-4A3E-BF5E-91BA2EABE4CD}.Release|Any CPU.ActiveCfg = Release|Any CPU
		{86206399-3B29-4A3E-BF5E-91BA2EABE4CD}.Release|Any CPU.Build.0 = Release|Any CPU
	EndGlobalSection
	GlobalSection(SolutionProperties) = preSolution
		HideSolutionNode = FALSE
	EndGlobalSection
	GlobalSection(ExtensibilityGlobals) = postSolution
		SolutionGuid = {E98C559A-9E1B-446C-A75B-77628D35817C}
	EndGlobalSection
EndGlobal
